
Microsoft Visual Studio Solution File, Format Version 12.00
# Visual Studio Version 16
VisualStudioVersion = 16.0.31321.278
MinimumVisualStudioVersion = 10.0.40219.1
Project("{9A19103F-16F7-4668-BE54-9A1E7A4F7556}") = "WebApp", "ASP_Labs\WebApp.csproj", "{574B127C-F28E-4ED5-A9C0-58F05EE05763}"
EndProject
Global
	GlobalSection(SolutionConfigurationPlatforms) = preSolution
		Debug|Any CPU = Debug|Any CPU
		Release|Any CPU = Release|Any CPU
	EndGlobalSection
	GlobalSection(ProjectConfigurationPlatforms) = postSolution
		{574B127C-F28E-4ED5-A9C0-58F05EE05763}.Debug|Any CPU.ActiveCfg = Debug|Any CPU
		{574B127C-F28E-4ED5-A9C0-58F05EE05763}.Debug|Any CPU.Build.0 = Debug|Any CPU
		{574B127C-F28E-4ED5-A9C0-58F05EE05763}.Release|Any CPU.ActiveCfg = Release|Any CPU
		{574B127C-F28E-4ED5-A9C0-58F05EE05763}.Release|Any CPU.Build.0 = Release|Any CPU
	EndGlobalSection
	GlobalSection(SolutionProperties) = preSolution
		HideSolutionNode = FALSE
	EndGlobalSection
	GlobalSection(ExtensibilityGlobals) = postSolution
		SolutionGuid = {0468C15D-63BE-4D36-A725-953E124EDC56}
	EndGlobalSection
EndGlobal
