
Microsoft Visual Studio Solution File, Format Version 12.00
# Visual Studio Version 16
VisualStudioVersion = 16.0.31321.278
MinimumVisualStudioVersion = 10.0.40219.1
Project("{9A19103F-16F7-4668-BE54-9A1E7A4F7556}") = "WebApp", "ASP_Labs\WebApp.csproj", "{574B127C-F28E-4ED5-A9C0-58F05EE05763}"
EndProject
Project("{2150E333-8FDC-42A3-9474-1A3956D46DE8}") = "Scripts", "Scripts", "{78282069-1A1C-44B7-845A-F9955D049B68}"
	ProjectSection(SolutionItems) = preProject
		CreateMigrationAndUpdateDB.sh = CreateMigrationAndUpdateDB.sh
		GenerateSqlScript.sh = GenerateSqlScript.sh
		PublishApp.sh = PublishApp.sh
	EndProjectSection
EndProject
Project("{FAE04EC0-301F-11D3-BF4B-00C04F79EFBC}") = "UnitTests", "UnitTests\UnitTests.csproj", "{F5AF7F88-8B4A-4027-8E44-C67C043059AB}"
EndProject
Global
	GlobalSection(SolutionConfigurationPlatforms) = preSolution
		Debug|Any CPU = Debug|Any CPU
		Release|Any CPU = Release|Any CPU
	EndGlobalSection
	GlobalSection(ProjectConfigurationPlatforms) = postSolution
		{574B127C-F28E-4ED5-A9C0-58F05EE05763}.Debug|Any CPU.ActiveCfg = Debug|Any CPU
		{574B127C-F28E-4ED5-A9C0-58F05EE05763}.Debug|Any CPU.Build.0 = Debug|Any CPU
		{574B127C-F28E-4ED5-A9C0-58F05EE05763}.Release|Any CPU.ActiveCfg = Release|Any CPU
		{574B127C-F28E-4ED5-A9C0-58F05EE05763}.Release|Any CPU.Build.0 = Release|Any CPU
		{F5AF7F88-8B4A-4027-8E44-C67C043059AB}.Debug|Any CPU.ActiveCfg = Debug|Any CPU
		{F5AF7F88-8B4A-4027-8E44-C67C043059AB}.Debug|Any CPU.Build.0 = Debug|Any CPU
		{F5AF7F88-8B4A-4027-8E44-C67C043059AB}.Release|Any CPU.ActiveCfg = Release|Any CPU
		{F5AF7F88-8B4A-4027-8E44-C67C043059AB}.Release|Any CPU.Build.0 = Release|Any CPU
	EndGlobalSection
	GlobalSection(SolutionProperties) = preSolution
		HideSolutionNode = FALSE
	EndGlobalSection
	GlobalSection(ExtensibilityGlobals) = postSolution
		SolutionGuid = {0468C15D-63BE-4D36-A725-953E124EDC56}
	EndGlobalSection
EndGlobal
